
Microsoft Visual Studio Solution File, Format Version 12.00
# Visual Studio Version 16
VisualStudioVersion = 16.0.31205.134
MinimumVisualStudioVersion = 10.0.40219.1
Project("{9A19103F-16F7-4668-BE54-9A1E7A4F7556}") = "student.manager.webapi", "src\student.manager.webapi\student.manager.webapi.csproj", "{97BFE88D-13DC-4CCE-960E-4FA82744C5C1}"
EndProject
Project("{FAE04EC0-301F-11D3-BF4B-00C04F79EFBC}") = "student.manager.test", "src\student.manager.test\student.manager.test.csproj", "{7BFEB0B8-E24F-4BA6-82E4-882C2864F89C}"
EndProject
Global
	GlobalSection(SolutionConfigurationPlatforms) = preSolution
		Debug|Any CPU = Debug|Any CPU
		Release|Any CPU = Release|Any CPU
	EndGlobalSection
	GlobalSection(ProjectConfigurationPlatforms) = postSolution
		{97BFE88D-13DC-4CCE-960E-4FA82744C5C1}.Debug|Any CPU.ActiveCfg = Debug|Any CPU
		{97BFE88D-13DC-4CCE-960E-4FA82744C5C1}.Debug|Any CPU.Build.0 = Debug|Any CPU
		{97BFE88D-13DC-4CCE-960E-4FA82744C5C1}.Release|Any CPU.ActiveCfg = Release|Any CPU
		{97BFE88D-13DC-4CCE-960E-4FA82744C5C1}.Release|Any CPU.Build.0 = Release|Any CPU
		{7BFEB0B8-E24F-4BA6-82E4-882C2864F89C}.Debug|Any CPU.ActiveCfg = Debug|Any CPU
		{7BFEB0B8-E24F-4BA6-82E4-882C2864F89C}.Debug|Any CPU.Build.0 = Debug|Any CPU
		{7BFEB0B8-E24F-4BA6-82E4-882C2864F89C}.Release|Any CPU.ActiveCfg = Release|Any CPU
		{7BFEB0B8-E24F-4BA6-82E4-882C2864F89C}.Release|Any CPU.Build.0 = Release|Any CPU
	EndGlobalSection
	GlobalSection(SolutionProperties) = preSolution
		HideSolutionNode = FALSE
	EndGlobalSection
	GlobalSection(ExtensibilityGlobals) = postSolution
		SolutionGuid = {2CB6ED2D-1659-40AA-BF7C-E0E8532EFB8B}
	EndGlobalSection
EndGlobal
