
Microsoft Visual Studio Solution File, Format Version 12.00
# Visual Studio Version 16
VisualStudioVersion = 16.0.31313.79
MinimumVisualStudioVersion = 10.0.40219.1
Project("{FAE04EC0-301F-11D3-BF4B-00C04F79EFBC}") = "Teste Prático Backend", "Teste Prático Backend\Teste Prático Backend.csproj", "{2D498366-9C01-4E54-AB44-BE32E30145AA}"
EndProject
Project("{FAE04EC0-301F-11D3-BF4B-00C04F79EFBC}") = "Data", "Data\Data.csproj", "{B075F41E-24F3-42E9-AA7F-B305F594F50C}"
EndProject
Project("{FAE04EC0-301F-11D3-BF4B-00C04F79EFBC}") = "Domain", "Domain\Domain.csproj", "{029B6674-903F-4286-8DA9-4F391A0972DA}"
EndProject
Global
	GlobalSection(SolutionConfigurationPlatforms) = preSolution
		Debug|Any CPU = Debug|Any CPU
		Release|Any CPU = Release|Any CPU
	EndGlobalSection
	GlobalSection(ProjectConfigurationPlatforms) = postSolution
		{2D498366-9C01-4E54-AB44-BE32E30145AA}.Debug|Any CPU.ActiveCfg = Debug|Any CPU
		{2D498366-9C01-4E54-AB44-BE32E30145AA}.Debug|Any CPU.Build.0 = Debug|Any CPU
		{2D498366-9C01-4E54-AB44-BE32E30145AA}.Release|Any CPU.ActiveCfg = Release|Any CPU
		{2D498366-9C01-4E54-AB44-BE32E30145AA}.Release|Any CPU.Build.0 = Release|Any CPU
		{B075F41E-24F3-42E9-AA7F-B305F594F50C}.Debug|Any CPU.ActiveCfg = Debug|Any CPU
		{B075F41E-24F3-42E9-AA7F-B305F594F50C}.Debug|Any CPU.Build.0 = Debug|Any CPU
		{B075F41E-24F3-42E9-AA7F-B305F594F50C}.Release|Any CPU.ActiveCfg = Release|Any CPU
		{B075F41E-24F3-42E9-AA7F-B305F594F50C}.Release|Any CPU.Build.0 = Release|Any CPU
		{029B6674-903F-4286-8DA9-4F391A0972DA}.Debug|Any CPU.ActiveCfg = Debug|Any CPU
		{029B6674-903F-4286-8DA9-4F391A0972DA}.Debug|Any CPU.Build.0 = Debug|Any CPU
		{029B6674-903F-4286-8DA9-4F391A0972DA}.Release|Any CPU.ActiveCfg = Release|Any CPU
		{029B6674-903F-4286-8DA9-4F391A0972DA}.Release|Any CPU.Build.0 = Release|Any CPU
	EndGlobalSection
	GlobalSection(SolutionProperties) = preSolution
		HideSolutionNode = FALSE
	EndGlobalSection
	GlobalSection(ExtensibilityGlobals) = postSolution
		SolutionGuid = {B2126267-4BBE-4FF3-8F62-63E7F74E8852}
	EndGlobalSection
EndGlobal
