
Microsoft Visual Studio Solution File, Format Version 12.00
# Visual Studio Version 16
VisualStudioVersion = 16.0.32602.291
MinimumVisualStudioVersion = 10.0.40219.1
Project("{2150E333-8FDC-42A3-9474-1A3956D46DE8}") = "FrontEnd", "FrontEnd", "{A49449EB-97F3-491B-8CB5-F4513B4A559F}"
EndProject
Project("{2150E333-8FDC-42A3-9474-1A3956D46DE8}") = "Services", "Services", "{D8714FE0-EE80-4181-B23F-88CC8490DB3B}"
EndProject
Project("{9A19103F-16F7-4668-BE54-9A1E7A4F7556}") = "Cadastro.web", "Cadastro.web\Cadastro.web.csproj", "{C25F1C44-2B7C-40A4-A89D-E8F86567536B}"
EndProject
Project("{9A19103F-16F7-4668-BE54-9A1E7A4F7556}") = "Cadastro.AlunosAPI", "Cadastro.AlunosAPI\Cadastro.AlunosAPI.csproj", "{3F8B4612-192B-4738-93A6-2DB1390F797D}"
EndProject
Global
	GlobalSection(SolutionConfigurationPlatforms) = preSolution
		Debug|Any CPU = Debug|Any CPU
		Release|Any CPU = Release|Any CPU
	EndGlobalSection
	GlobalSection(ProjectConfigurationPlatforms) = postSolution
		{C25F1C44-2B7C-40A4-A89D-E8F86567536B}.Debug|Any CPU.ActiveCfg = Debug|Any CPU
		{C25F1C44-2B7C-40A4-A89D-E8F86567536B}.Debug|Any CPU.Build.0 = Debug|Any CPU
		{C25F1C44-2B7C-40A4-A89D-E8F86567536B}.Release|Any CPU.ActiveCfg = Release|Any CPU
		{C25F1C44-2B7C-40A4-A89D-E8F86567536B}.Release|Any CPU.Build.0 = Release|Any CPU
		{3F8B4612-192B-4738-93A6-2DB1390F797D}.Debug|Any CPU.ActiveCfg = Debug|Any CPU
		{3F8B4612-192B-4738-93A6-2DB1390F797D}.Debug|Any CPU.Build.0 = Debug|Any CPU
		{3F8B4612-192B-4738-93A6-2DB1390F797D}.Release|Any CPU.ActiveCfg = Release|Any CPU
		{3F8B4612-192B-4738-93A6-2DB1390F797D}.Release|Any CPU.Build.0 = Release|Any CPU
	EndGlobalSection
	GlobalSection(SolutionProperties) = preSolution
		HideSolutionNode = FALSE
	EndGlobalSection
	GlobalSection(NestedProjects) = preSolution
		{C25F1C44-2B7C-40A4-A89D-E8F86567536B} = {A49449EB-97F3-491B-8CB5-F4513B4A559F}
		{3F8B4612-192B-4738-93A6-2DB1390F797D} = {D8714FE0-EE80-4181-B23F-88CC8490DB3B}
	EndGlobalSection
	GlobalSection(ExtensibilityGlobals) = postSolution
		SolutionGuid = {46A086EF-2597-4E51-8EA6-2752B61746B1}
	EndGlobalSection
EndGlobal
