
Microsoft Visual Studio Solution File, Format Version 12.00
# Visual Studio Version 16
VisualStudioVersion = 16.0.32602.291
MinimumVisualStudioVersion = 10.0.40219.1
Project("{FAE04EC0-301F-11D3-BF4B-00C04F79EFBC}") = "Domain", "Domain\Domain.csproj", "{BC756D15-C9B4-4943-B917-2764858ACB84}"
EndProject
Project("{FAE04EC0-301F-11D3-BF4B-00C04F79EFBC}") = "Service", "Service\Service.csproj", "{F9244DFA-5593-4110-9119-184491D7AA56}"
EndProject
Project("{FAE04EC0-301F-11D3-BF4B-00C04F79EFBC}") = "Infra", "Infra\Infra.csproj", "{EF45297E-2E15-4246-B03B-EF3D546C79EF}"
EndProject
Project("{FAE04EC0-301F-11D3-BF4B-00C04F79EFBC}") = "Manager.API", "Manager.API\Manager.API.csproj", "{84345E28-9D25-40F9-B511-CDEEB0D23F24}"
EndProject
Global
	GlobalSection(SolutionConfigurationPlatforms) = preSolution
		Debug|Any CPU = Debug|Any CPU
		Release|Any CPU = Release|Any CPU
	EndGlobalSection
	GlobalSection(ProjectConfigurationPlatforms) = postSolution
		{BC756D15-C9B4-4943-B917-2764858ACB84}.Debug|Any CPU.ActiveCfg = Debug|Any CPU
		{BC756D15-C9B4-4943-B917-2764858ACB84}.Debug|Any CPU.Build.0 = Debug|Any CPU
		{BC756D15-C9B4-4943-B917-2764858ACB84}.Release|Any CPU.ActiveCfg = Release|Any CPU
		{BC756D15-C9B4-4943-B917-2764858ACB84}.Release|Any CPU.Build.0 = Release|Any CPU
		{F9244DFA-5593-4110-9119-184491D7AA56}.Debug|Any CPU.ActiveCfg = Debug|Any CPU
		{F9244DFA-5593-4110-9119-184491D7AA56}.Debug|Any CPU.Build.0 = Debug|Any CPU
		{F9244DFA-5593-4110-9119-184491D7AA56}.Release|Any CPU.ActiveCfg = Release|Any CPU
		{F9244DFA-5593-4110-9119-184491D7AA56}.Release|Any CPU.Build.0 = Release|Any CPU
		{EF45297E-2E15-4246-B03B-EF3D546C79EF}.Debug|Any CPU.ActiveCfg = Debug|Any CPU
		{EF45297E-2E15-4246-B03B-EF3D546C79EF}.Debug|Any CPU.Build.0 = Debug|Any CPU
		{EF45297E-2E15-4246-B03B-EF3D546C79EF}.Release|Any CPU.ActiveCfg = Release|Any CPU
		{EF45297E-2E15-4246-B03B-EF3D546C79EF}.Release|Any CPU.Build.0 = Release|Any CPU
		{84345E28-9D25-40F9-B511-CDEEB0D23F24}.Debug|Any CPU.ActiveCfg = Debug|Any CPU
		{84345E28-9D25-40F9-B511-CDEEB0D23F24}.Debug|Any CPU.Build.0 = Debug|Any CPU
		{84345E28-9D25-40F9-B511-CDEEB0D23F24}.Release|Any CPU.ActiveCfg = Release|Any CPU
		{84345E28-9D25-40F9-B511-CDEEB0D23F24}.Release|Any CPU.Build.0 = Release|Any CPU
	EndGlobalSection
	GlobalSection(SolutionProperties) = preSolution
		HideSolutionNode = FALSE
	EndGlobalSection
	GlobalSection(ExtensibilityGlobals) = postSolution
		SolutionGuid = {B6379FAA-B85B-4DD6-A1C6-31A2CC0CB4D1}
	EndGlobalSection
EndGlobal
