
Microsoft Visual Studio Solution File, Format Version 12.00
# Visual Studio Version 16
VisualStudioVersion = 16.0.29519.87
MinimumVisualStudioVersion = 10.0.40219.1
Project("{9A19103F-16F7-4668-BE54-9A1E7A4F7556}") = "BancoAlunos", "BancoAlunos\BancoAlunos.csproj", "{3376BCC8-AE47-45A5-8382-ABD0686209B5}"
EndProject
Project("{FAE04EC0-301F-11D3-BF4B-00C04F79EFBC}") = "BancoAlunos.Test", "BancoAlunos.Test\BancoAlunos.Test.csproj", "{B798CB7B-6661-4A06-A6E1-CE24C6C1DB3E}"
EndProject
Global
	GlobalSection(SolutionConfigurationPlatforms) = preSolution
		Debug|Any CPU = Debug|Any CPU
		Release|Any CPU = Release|Any CPU
	EndGlobalSection
	GlobalSection(ProjectConfigurationPlatforms) = postSolution
		{3376BCC8-AE47-45A5-8382-ABD0686209B5}.Debug|Any CPU.ActiveCfg = Debug|Any CPU
		{3376BCC8-AE47-45A5-8382-ABD0686209B5}.Debug|Any CPU.Build.0 = Debug|Any CPU
		{3376BCC8-AE47-45A5-8382-ABD0686209B5}.Release|Any CPU.ActiveCfg = Release|Any CPU
		{3376BCC8-AE47-45A5-8382-ABD0686209B5}.Release|Any CPU.Build.0 = Release|Any CPU
		{B798CB7B-6661-4A06-A6E1-CE24C6C1DB3E}.Debug|Any CPU.ActiveCfg = Debug|Any CPU
		{B798CB7B-6661-4A06-A6E1-CE24C6C1DB3E}.Debug|Any CPU.Build.0 = Debug|Any CPU
		{B798CB7B-6661-4A06-A6E1-CE24C6C1DB3E}.Release|Any CPU.ActiveCfg = Release|Any CPU
		{B798CB7B-6661-4A06-A6E1-CE24C6C1DB3E}.Release|Any CPU.Build.0 = Release|Any CPU
	EndGlobalSection
	GlobalSection(SolutionProperties) = preSolution
		HideSolutionNode = FALSE
	EndGlobalSection
	GlobalSection(ExtensibilityGlobals) = postSolution
		SolutionGuid = {8A4F94C8-5E6E-4B7C-AAB8-B0874C317AA5}
	EndGlobalSection
EndGlobal
