
Microsoft Visual Studio Solution File, Format Version 12.00
# Visual Studio Version 16
VisualStudioVersion = 16.0.29009.5
MinimumVisualStudioVersion = 10.0.40219.1
Project("{9A19103F-16F7-4668-BE54-9A1E7A4F7556}") = "ApplicationCore", "ApplicationCore\ApplicationCore.csproj", "{E41ED804-BCC8-42DE-8B7E-CA9AEAB83A73}"
EndProject
Project("{9A19103F-16F7-4668-BE54-9A1E7A4F7556}") = "Api", "Api\Api.csproj", "{B4FE624F-37F4-4CF5-A02C-28116EA61667}"
EndProject
Project("{FAE04EC0-301F-11D3-BF4B-00C04F79EFBC}") = "Tests", "Tests\Tests.csproj", "{8D86E61C-2F34-459A-9EF0-831B6EBB479C}"
EndProject
Global
	GlobalSection(SolutionConfigurationPlatforms) = preSolution
		Debug|Any CPU = Debug|Any CPU
		Release|Any CPU = Release|Any CPU
	EndGlobalSection
	GlobalSection(ProjectConfigurationPlatforms) = postSolution
		{E41ED804-BCC8-42DE-8B7E-CA9AEAB83A73}.Debug|Any CPU.ActiveCfg = Debug|Any CPU
		{E41ED804-BCC8-42DE-8B7E-CA9AEAB83A73}.Debug|Any CPU.Build.0 = Debug|Any CPU
		{E41ED804-BCC8-42DE-8B7E-CA9AEAB83A73}.Release|Any CPU.ActiveCfg = Release|Any CPU
		{E41ED804-BCC8-42DE-8B7E-CA9AEAB83A73}.Release|Any CPU.Build.0 = Release|Any CPU
		{B4FE624F-37F4-4CF5-A02C-28116EA61667}.Debug|Any CPU.ActiveCfg = Debug|Any CPU
		{B4FE624F-37F4-4CF5-A02C-28116EA61667}.Debug|Any CPU.Build.0 = Debug|Any CPU
		{B4FE624F-37F4-4CF5-A02C-28116EA61667}.Release|Any CPU.ActiveCfg = Release|Any CPU
		{B4FE624F-37F4-4CF5-A02C-28116EA61667}.Release|Any CPU.Build.0 = Release|Any CPU
		{8D86E61C-2F34-459A-9EF0-831B6EBB479C}.Debug|Any CPU.ActiveCfg = Debug|Any CPU
		{8D86E61C-2F34-459A-9EF0-831B6EBB479C}.Debug|Any CPU.Build.0 = Debug|Any CPU
		{8D86E61C-2F34-459A-9EF0-831B6EBB479C}.Release|Any CPU.ActiveCfg = Release|Any CPU
		{8D86E61C-2F34-459A-9EF0-831B6EBB479C}.Release|Any CPU.Build.0 = Release|Any CPU
	EndGlobalSection
	GlobalSection(SolutionProperties) = preSolution
		HideSolutionNode = FALSE
	EndGlobalSection
	GlobalSection(ExtensibilityGlobals) = postSolution
		SolutionGuid = {8C926912-9B2E-4F8D-ABC1-52CE8FED6AB9}
	EndGlobalSection
EndGlobal
